
Microsoft Visual Studio Solution File, Format Version 12.00
# Visual Studio 15
VisualStudioVersion = 15.0.27004.2008
MinimumVisualStudioVersion = 10.0.40219.1
Project("{FAE04EC0-301F-11D3-BF4B-00C04F79EFBC}") = "TeximpNet.Sample", "TeximpNet.Sample\TeximpNet.Sample.csproj", "{36B828C4-83CB-43CB-9D44-880C3F633DAD}"
EndProject
Project("{9A19103F-16F7-4668-BE54-9A1E7A4F7556}") = "TeximpNet", "TeximpNet\TeximpNet.csproj", "{7187F9A5-2075-4F81-8A27-53689BAD1AA4}"
EndProject
Project("{9A19103F-16F7-4668-BE54-9A1E7A4F7556}") = "TeximpNet.Test", "TeximpNet.Test\TeximpNet.Test.csproj", "{C00BA494-7D63-4523-94F2-A01130408311}"
EndProject
Global
	GlobalSection(SolutionConfigurationPlatforms) = preSolution
		Debug|Any CPU = Debug|Any CPU
		Release|Any CPU = Release|Any CPU
	EndGlobalSection
	GlobalSection(ProjectConfigurationPlatforms) = postSolution
		{36B828C4-83CB-43CB-9D44-880C3F633DAD}.Debug|Any CPU.ActiveCfg = Debug|Any CPU
		{36B828C4-83CB-43CB-9D44-880C3F633DAD}.Debug|Any CPU.Build.0 = Debug|Any CPU
		{36B828C4-83CB-43CB-9D44-880C3F633DAD}.Release|Any CPU.ActiveCfg = Release|Any CPU
		{36B828C4-83CB-43CB-9D44-880C3F633DAD}.Release|Any CPU.Build.0 = Release|Any CPU
		{7187F9A5-2075-4F81-8A27-53689BAD1AA4}.Debug|Any CPU.ActiveCfg = Debug|Any CPU
		{7187F9A5-2075-4F81-8A27-53689BAD1AA4}.Debug|Any CPU.Build.0 = Debug|Any CPU
		{7187F9A5-2075-4F81-8A27-53689BAD1AA4}.Release|Any CPU.ActiveCfg = Release|Any CPU
		{7187F9A5-2075-4F81-8A27-53689BAD1AA4}.Release|Any CPU.Build.0 = Release|Any CPU
		{C00BA494-7D63-4523-94F2-A01130408311}.Debug|Any CPU.ActiveCfg = Debug|Any CPU
		{C00BA494-7D63-4523-94F2-A01130408311}.Debug|Any CPU.Build.0 = Debug|Any CPU
		{C00BA494-7D63-4523-94F2-A01130408311}.Release|Any CPU.ActiveCfg = Release|Any CPU
		{C00BA494-7D63-4523-94F2-A01130408311}.Release|Any CPU.Build.0 = Release|Any CPU
	EndGlobalSection
	GlobalSection(SolutionProperties) = preSolution
		HideSolutionNode = FALSE
	EndGlobalSection
	GlobalSection(ExtensibilityGlobals) = postSolution
		SolutionGuid = {C12B883E-AB5D-4603-BB67-173EAE6616D7}
	EndGlobalSection
EndGlobal
